
Microsoft Visual Studio Solution File, Format Version 12.00
# Visual Studio Version 17
VisualStudioVersion = 17.0.32112.339
MinimumVisualStudioVersion = 10.0.40219.1
Project("{FAE04EC0-301F-11D3-BF4B-00C04F79EFBC}") = "DapperExample", "DapperExample\DapperExample.csproj", "{A606CDE3-4E2C-4794-9099-F08BC7BFD5DE}"
EndProject
Global
	GlobalSection(SolutionConfigurationPlatforms) = preSolution
		Debug|Any CPU = Debug|Any CPU
		Release|Any CPU = Release|Any CPU
	EndGlobalSection
	GlobalSection(ProjectConfigurationPlatforms) = postSolution
		{A606CDE3-4E2C-4794-9099-F08BC7BFD5DE}.Debug|Any CPU.ActiveCfg = Debug|Any CPU
		{A606CDE3-4E2C-4794-9099-F08BC7BFD5DE}.Debug|Any CPU.Build.0 = Debug|Any CPU
		{A606CDE3-4E2C-4794-9099-F08BC7BFD5DE}.Release|Any CPU.ActiveCfg = Release|Any CPU
		{A606CDE3-4E2C-4794-9099-F08BC7BFD5DE}.Release|Any CPU.Build.0 = Release|Any CPU
	EndGlobalSection
	GlobalSection(SolutionProperties) = preSolution
		HideSolutionNode = FALSE
	EndGlobalSection
	GlobalSection(ExtensibilityGlobals) = postSolution
		SolutionGuid = {A82E1131-5FB3-4504-8DE5-9E893F6AC738}
	EndGlobalSection
EndGlobal
